
Microsoft Visual Studio Solution File, Format Version 12.00
# Visual Studio Version 17
VisualStudioVersion = 17.8.34525.116
MinimumVisualStudioVersion = 10.0.40219.1
Project("{9A19103F-16F7-4668-BE54-9A1E7A4F7556}") = "InfusedTurrets", "InfusedTurrets\InfusedTurrets.csproj", "{44F5B362-5F94-4BED-AE59-177C88F5B923}"
EndProject
Project("{2150E333-8FDC-42A3-9474-1A3956D46DE8}") = "Solution Items", "Solution Items", "{10E3A975-3930-4C9D-94E2-5A0812149805}"
	ProjectSection(SolutionItems) = preProject
		.gitattributes = .gitattributes
		.gitignore = .gitignore
		README.md = README.md
	EndProjectSection
EndProject
Global
	GlobalSection(SolutionConfigurationPlatforms) = preSolution
		Debug|Any CPU = Debug|Any CPU
		Release|Any CPU = Release|Any CPU
	EndGlobalSection
	GlobalSection(ProjectConfigurationPlatforms) = postSolution
		{44F5B362-5F94-4BED-AE59-177C88F5B923}.Debug|Any CPU.ActiveCfg = Debug|Any CPU
		{44F5B362-5F94-4BED-AE59-177C88F5B923}.Debug|Any CPU.Build.0 = Debug|Any CPU
		{44F5B362-5F94-4BED-AE59-177C88F5B923}.Release|Any CPU.ActiveCfg = Release|Any CPU
		{44F5B362-5F94-4BED-AE59-177C88F5B923}.Release|Any CPU.Build.0 = Release|Any CPU
	EndGlobalSection
	GlobalSection(SolutionProperties) = preSolution
		HideSolutionNode = FALSE
	EndGlobalSection
	GlobalSection(ExtensibilityGlobals) = postSolution
		SolutionGuid = {E58DB628-E88B-4D92-A1DF-986FAABDC6AF}
	EndGlobalSection
EndGlobal
